
Microsoft Visual Studio Solution File, Format Version 12.00
# Visual Studio Version 17
VisualStudioVersion = 17.7.34024.191
MinimumVisualStudioVersion = 10.0.40219.1
Project("{FAE04EC0-301F-11D3-BF4B-00C04F79EFBC}") = "Model", "Model\Model.csproj", "{CC0CB6DE-D44B-4B8C-BE3D-3B2EC9C6939C}"
EndProject
Project("{FAE04EC0-301F-11D3-BF4B-00C04F79EFBC}") = "ViewModel", "ViewModel\ViewModel.csproj", "{48FE1E0B-1B46-4C02-BDAA-C500279A8245}"
EndProject
Global
	GlobalSection(SolutionConfigurationPlatforms) = preSolution
		Debug|Any CPU = Debug|Any CPU
		Release|Any CPU = Release|Any CPU
	EndGlobalSection
	GlobalSection(ProjectConfigurationPlatforms) = postSolution
		{CC0CB6DE-D44B-4B8C-BE3D-3B2EC9C6939C}.Debug|Any CPU.ActiveCfg = Debug|Any CPU
		{CC0CB6DE-D44B-4B8C-BE3D-3B2EC9C6939C}.Debug|Any CPU.Build.0 = Debug|Any CPU
		{CC0CB6DE-D44B-4B8C-BE3D-3B2EC9C6939C}.Release|Any CPU.ActiveCfg = Release|Any CPU
		{CC0CB6DE-D44B-4B8C-BE3D-3B2EC9C6939C}.Release|Any CPU.Build.0 = Release|Any CPU
		{48FE1E0B-1B46-4C02-BDAA-C500279A8245}.Debug|Any CPU.ActiveCfg = Debug|Any CPU
		{48FE1E0B-1B46-4C02-BDAA-C500279A8245}.Debug|Any CPU.Build.0 = Debug|Any CPU
		{48FE1E0B-1B46-4C02-BDAA-C500279A8245}.Release|Any CPU.ActiveCfg = Release|Any CPU
		{48FE1E0B-1B46-4C02-BDAA-C500279A8245}.Release|Any CPU.Build.0 = Release|Any CPU
	EndGlobalSection
	GlobalSection(SolutionProperties) = preSolution
		HideSolutionNode = FALSE
	EndGlobalSection
	GlobalSection(ExtensibilityGlobals) = postSolution
		SolutionGuid = {5BF8B274-BA74-4DFD-8233-742EA42A6511}
	EndGlobalSection
EndGlobal
